
Microsoft Visual Studio Solution File, Format Version 12.00
# Visual Studio Version 16
VisualStudioVersion = 16.0.31205.134
MinimumVisualStudioVersion = 10.0.40219.1
Project("{FAE04EC0-301F-11D3-BF4B-00C04F79EFBC}") = "Surat_Masuk_dan_Keluar_Daffa_12-RPL-D", "Surat_Masuk_dan_Keluar_Daffa_12-RPL-D.csproj", "{DADB974C-B002-4F34-B2BE-4C31054504A8}"
EndProject
Global
	GlobalSection(SolutionConfigurationPlatforms) = preSolution
		Debug|Any CPU = Debug|Any CPU
		Release|Any CPU = Release|Any CPU
	EndGlobalSection
	GlobalSection(ProjectConfigurationPlatforms) = postSolution
		{DADB974C-B002-4F34-B2BE-4C31054504A8}.Debug|Any CPU.ActiveCfg = Debug|Any CPU
		{DADB974C-B002-4F34-B2BE-4C31054504A8}.Debug|Any CPU.Build.0 = Debug|Any CPU
		{DADB974C-B002-4F34-B2BE-4C31054504A8}.Release|Any CPU.ActiveCfg = Release|Any CPU
		{DADB974C-B002-4F34-B2BE-4C31054504A8}.Release|Any CPU.Build.0 = Release|Any CPU
	EndGlobalSection
	GlobalSection(SolutionProperties) = preSolution
		HideSolutionNode = FALSE
	EndGlobalSection
	GlobalSection(ExtensibilityGlobals) = postSolution
		SolutionGuid = {7F4B0275-749B-46B0-879D-8A92F53D735B}
	EndGlobalSection
EndGlobal
